// !$*UTF8*$!
{
	archiveVersion = 1;
	classes = {
	};
	objectVersion = 46;
	objects = {

/* Begin PBXBuildFile section */
		92504A061CBDEEBE007218C2 /* AppDelegate.swift in Sources */ = {isa = PBXBuildFile; fileRef = 92504A051CBDEEBE007218C2 /* AppDelegate.swift */; };
		92504A081CBDEEBE007218C2 /* ViewController.swift in Sources */ = {isa = PBXBuildFile; fileRef = 92504A071CBDEEBE007218C2 /* ViewController.swift */; };
		92504A0B1CBDEEBE007218C2 /* Main.storyboard in Resources */ = {isa = PBXBuildFile; fileRef = 92504A091CBDEEBE007218C2 /* Main.storyboard */; };
		92504A0E1CBDEEBE007218C2 /* ExRemote.xcdatamodeld in Sources */ = {isa = PBXBuildFile; fileRef = 92504A0C1CBDEEBE007218C2 /* ExRemote.xcdatamodeld */; };
		92504A101CBDEEBE007218C2 /* Assets.xcassets in Resources */ = {isa = PBXBuildFile; fileRef = 92504A0F1CBDEEBE007218C2 /* Assets.xcassets */; };
		92504A131CBDEEBE007218C2 /* LaunchScreen.storyboard in Resources */ = {isa = PBXBuildFile; fileRef = 92504A111CBDEEBE007218C2 /* LaunchScreen.storyboard */; };
		92504A1E1CBDEEBE007218C2 /* ExRemoteTests.swift in Sources */ = {isa = PBXBuildFile; fileRef = 92504A1D1CBDEEBE007218C2 /* ExRemoteTests.swift */; };
		92504A291CBDEEBE007218C2 /* ExRemoteUITests.swift in Sources */ = {isa = PBXBuildFile; fileRef = 92504A281CBDEEBE007218C2 /* ExRemoteUITests.swift */; };
		A230DD691CDC3CEE0041FBDE /* EXBLECentralManager.swift in Sources */ = {isa = PBXBuildFile; fileRef = A230DD671CDC3CED0041FBDE /* EXBLECentralManager.swift */; };
		A230DD6A1CDC3CEE0041FBDE /* EXBLEPeripheralManager.swift in Sources */ = {isa = PBXBuildFile; fileRef = A230DD681CDC3CEE0041FBDE /* EXBLEPeripheralManager.swift */; };
/* End PBXBuildFile section */

/* Begin PBXContainerItemProxy section */
		92504A1A1CBDEEBE007218C2 /* PBXContainerItemProxy */ = {
			isa = PBXContainerItemProxy;
			containerPortal = 925049FA1CBDEEBD007218C2 /* Project object */;
			proxyType = 1;
			remoteGlobalIDString = 92504A011CBDEEBD007218C2;
			remoteInfo = ExRemote;
		};
		92504A251CBDEEBE007218C2 /* PBXContainerItemProxy */ = {
			isa = PBXContainerItemProxy;
			containerPortal = 925049FA1CBDEEBD007218C2 /* Project object */;
			proxyType = 1;
			remoteGlobalIDString = 92504A011CBDEEBD007218C2;
			remoteInfo = ExRemote;
		};
/* End PBXContainerItemProxy section */

/* Begin PBXFileReference section */
		92504A021CBDEEBD007218C2 /* ExRemote.app */ = {isa = PBXFileReference; explicitFileType = wrapper.application; includeInIndex = 0; path = ExRemote.app; sourceTree = BUILT_PRODUCTS_DIR; };
		92504A051CBDEEBE007218C2 /* AppDelegate.swift */ = {isa = PBXFileReference; lastKnownFileType = sourcecode.swift; path = AppDelegate.swift; sourceTree = "<group>"; };
		92504A071CBDEEBE007218C2 /* ViewController.swift */ = {isa = PBXFileReference; lastKnownFileType = sourcecode.swift; path = ViewController.swift; sourceTree = "<group>"; };
		92504A0A1CBDEEBE007218C2 /* Base */ = {isa = PBXFileReference; lastKnownFileType = file.storyboard; name = Base; path = Base.lproj/Main.storyboard; sourceTree = "<group>"; };
		92504A0D1CBDEEBE007218C2 /* ExRemote.xcdatamodel */ = {isa = PBXFileReference; lastKnownFileType = wrapper.xcdatamodel; path = ExRemote.xcdatamodel; sourceTree = "<group>"; };
		92504A0F1CBDEEBE007218C2 /* Assets.xcassets */ = {isa = PBXFileReference; lastKnownFileType = folder.assetcatalog; path = Assets.xcassets; sourceTree = "<group>"; };
		92504A121CBDEEBE007218C2 /* Base */ = {isa = PBXFileReference; lastKnownFileType = file.storyboard; name = Base; path = Base.lproj/LaunchScreen.storyboard; sourceTree = "<group>"; };
		92504A141CBDEEBE007218C2 /* Info.plist */ = {isa = PBXFileReference; lastKnownFileType = text.plist.xml; path = Info.plist; sourceTree = "<group>"; };
		92504A191CBDEEBE007218C2 /* ExRemoteTests.xctest */ = {isa = PBXFileReference; explicitFileType = wrapper.cfbundle; includeInIndex = 0; path = ExRemoteTests.xctest; sourceTree = BUILT_PRODUCTS_DIR; };
		92504A1D1CBDEEBE007218C2 /* ExRemoteTests.swift */ = {isa = PBXFileReference; lastKnownFileType = sourcecode.swift; path = ExRemoteTests.swift; sourceTree = "<group>"; };
		92504A1F1CBDEEBE007218C2 /* Info.plist */ = {isa = PBXFileReference; lastKnownFileType = text.plist.xml; path = Info.plist; sourceTree = "<group>"; };
		92504A241CBDEEBE007218C2 /* ExRemoteUITests.xctest */ = {isa = PBXFileReference; explicitFileType = wrapper.cfbundle; includeInIndex = 0; path = ExRemoteUITests.xctest; sourceTree = BUILT_PRODUCTS_DIR; };
		92504A281CBDEEBE007218C2 /* ExRemoteUITests.swift */ = {isa = PBXFileReference; lastKnownFileType = sourcecode.swift; path = ExRemoteUITests.swift; sourceTree = "<group>"; };
		92504A2A1CBDEEBE007218C2 /* Info.plist */ = {isa = PBXFileReference; lastKnownFileType = text.plist.xml; path = Info.plist; sourceTree = "<group>"; };
		A230DD671CDC3CED0041FBDE /* EXBLECentralManager.swift */ = {isa = PBXFileReference; fileEncoding = 4; lastKnownFileType = sourcecode.swift; path = EXBLECentralManager.swift; sourceTree = "<group>"; };
		A230DD681CDC3CEE0041FBDE /* EXBLEPeripheralManager.swift */ = {isa = PBXFileReference; fileEncoding = 4; lastKnownFileType = sourcecode.swift; path = EXBLEPeripheralManager.swift; sourceTree = "<group>"; };
/* End PBXFileReference section */

/* Begin PBXFrameworksBuildPhase section */
		925049FF1CBDEEBD007218C2 /* Frameworks */ = {
			isa = PBXFrameworksBuildPhase;
			buildActionMask = 2147483647;
			files = (
			);
			runOnlyForDeploymentPostprocessing = 0;
		};
		92504A161CBDEEBE007218C2 /* Frameworks */ = {
			isa = PBXFrameworksBuildPhase;
			buildActionMask = 2147483647;
			files = (
			);
			runOnlyForDeploymentPostprocessing = 0;
		};
		92504A211CBDEEBE007218C2 /* Frameworks */ = {
			isa = PBXFrameworksBuildPhase;
			buildActionMask = 2147483647;
			files = (
			);
			runOnlyForDeploymentPostprocessing = 0;
		};
/* End PBXFrameworksBuildPhase section */

/* Begin PBXGroup section */
		925049F91CBDEEBD007218C2 = {
			isa = PBXGroup;
			children = (
				92504A041CBDEEBE007218C2 /* ExRemote */,
				92504A1C1CBDEEBE007218C2 /* ExRemoteTests */,
				92504A271CBDEEBE007218C2 /* ExRemoteUITests */,
				92504A031CBDEEBD007218C2 /* Products */,
			);
			sourceTree = "<group>";
		};
		92504A031CBDEEBD007218C2 /* Products */ = {
			isa = PBXGroup;
			children = (
				92504A021CBDEEBD007218C2 /* ExRemote.app */,
				92504A191CBDEEBE007218C2 /* ExRemoteTests.xctest */,
				92504A241CBDEEBE007218C2 /* ExRemoteUITests.xctest */,
			);
			name = Products;
			sourceTree = "<group>";
		};
		92504A041CBDEEBE007218C2 /* ExRemote */ = {
			isa = PBXGroup;
			children = (
				92504A051CBDEEBE007218C2 /* AppDelegate.swift */,
				92504A071CBDEEBE007218C2 /* ViewController.swift */,
				A230DD671CDC3CED0041FBDE /* EXBLECentralManager.swift */,
				A230DD681CDC3CEE0041FBDE /* EXBLEPeripheralManager.swift */,
				92504A091CBDEEBE007218C2 /* Main.storyboard */,
				92504A0F1CBDEEBE007218C2 /* Assets.xcassets */,
				92504A111CBDEEBE007218C2 /* LaunchScreen.storyboard */,
				92504A141CBDEEBE007218C2 /* Info.plist */,
				92504A0C1CBDEEBE007218C2 /* ExRemote.xcdatamodeld */,
			);
			path = ExRemote;
			sourceTree = "<group>";
		};
		92504A1C1CBDEEBE007218C2 /* ExRemoteTests */ = {
			isa = PBXGroup;
			children = (
				92504A1D1CBDEEBE007218C2 /* ExRemoteTests.swift */,
				92504A1F1CBDEEBE007218C2 /* Info.plist */,
			);
			path = ExRemoteTests;
			sourceTree = "<group>";
		};
		92504A271CBDEEBE007218C2 /* ExRemoteUITests */ = {
			isa = PBXGroup;
			children = (
				92504A281CBDEEBE007218C2 /* ExRemoteUITests.swift */,
				92504A2A1CBDEEBE007218C2 /* Info.plist */,
			);
			path = ExRemoteUITests;
			sourceTree = "<group>";
		};
/* End PBXGroup section */

/* Begin PBXNativeTarget section */
		92504A011CBDEEBD007218C2 /* ExRemote */ = {
			isa = PBXNativeTarget;
			buildConfigurationList = 92504A2D1CBDEEBE007218C2 /* Build configuration list for PBXNativeTarget "ExRemote" */;
			buildPhases = (
				925049FE1CBDEEBD007218C2 /* Sources */,
				925049FF1CBDEEBD007218C2 /* Frameworks */,
				92504A001CBDEEBD007218C2 /* Resources */,
			);
			buildRules = (
			);
			dependencies = (
			);
			name = ExRemote;
			productName = ExRemote;
			productReference = 92504A021CBDEEBD007218C2 /* ExRemote.app */;
			productType = "com.apple.product-type.application";
		};
		92504A181CBDEEBE007218C2 /* ExRemoteTests */ = {
			isa = PBXNativeTarget;
			buildConfigurationList = 92504A301CBDEEBE007218C2 /* Build configuration list for PBXNativeTarget "ExRemoteTests" */;
			buildPhases = (
				92504A151CBDEEBE007218C2 /* Sources */,
				92504A161CBDEEBE007218C2 /* Frameworks */,
				92504A171CBDEEBE007218C2 /* Resources */,
			);
			buildRules = (
			);
			dependencies = (
				92504A1B1CBDEEBE007218C2 /* PBXTargetDependency */,
			);
			name = ExRemoteTests;
			productName = ExRemoteTests;
			productReference = 92504A191CBDEEBE007218C2 /* ExRemoteTests.xctest */;
			productType = "com.apple.product-type.bundle.unit-test";
		};
		92504A231CBDEEBE007218C2 /* ExRemoteUITests */ = {
			isa = PBXNativeTarget;
			buildConfigurationList = 92504A331CBDEEBE007218C2 /* Build configuration list for PBXNativeTarget "ExRemoteUITests" */;
			buildPhases = (
				92504A201CBDEEBE007218C2 /* Sources */,
				92504A211CBDEEBE007218C2 /* Frameworks */,
				92504A221CBDEEBE007218C2 /* Resources */,
			);
			buildRules = (
			);
			dependencies = (
				92504A261CBDEEBE007218C2 /* PBXTargetDependency */,
			);
			name = ExRemoteUITests;
			productName = ExRemoteUITests;
			productReference = 92504A241CBDEEBE007218C2 /* ExRemoteUITests.xctest */;
			productType = "com.apple.product-type.bundle.ui-testing";
		};
/* End PBXNativeTarget section */

/* Begin PBXProject section */
		925049FA1CBDEEBD007218C2 /* Project object */ = {
			isa = PBXProject;
			attributes = {
				LastSwiftUpdateCheck = 0730;
				LastUpgradeCheck = 0730;
				ORGANIZATIONNAME = AppStudio;
				TargetAttributes = {
					92504A011CBDEEBD007218C2 = {
						CreatedOnToolsVersion = 7.3;
					};
					92504A181CBDEEBE007218C2 = {
						CreatedOnToolsVersion = 7.3;
						TestTargetID = 92504A011CBDEEBD007218C2;
					};
					92504A231CBDEEBE007218C2 = {
						CreatedOnToolsVersion = 7.3;
						TestTargetID = 92504A011CBDEEBD007218C2;
					};
				};
			};
			buildConfigurationList = 925049FD1CBDEEBD007218C2 /* Build configuration list for PBXProject "ExRemote" */;
			compatibilityVersion = "Xcode 3.2";
			developmentRegion = English;
			hasScannedForEncodings = 0;
			knownRegions = (
				en,
				Base,
			);
			mainGroup = 925049F91CBDEEBD007218C2;
			productRefGroup = 92504A031CBDEEBD007218C2 /* Products */;
			projectDirPath = "";
			projectRoot = "";
			targets = (
				92504A011CBDEEBD007218C2 /* ExRemote */,
				92504A181CBDEEBE007218C2 /* ExRemoteTests */,
				92504A231CBDEEBE007218C2 /* ExRemoteUITests */,
			);
		};
/* End PBXProject section */

/* Begin PBXResourcesBuildPhase section */
		92504A001CBDEEBD007218C2 /* Resources */ = {
			isa = PBXResourcesBuildPhase;
			buildActionMask = 2147483647;
			files = (
				92504A131CBDEEBE007218C2 /* LaunchScreen.storyboard in Resources */,
				92504A101CBDEEBE007218C2 /* Assets.xcassets in Resources */,
				92504A0B1CBDEEBE007218C2 /* Main.storyboard in Resources */,
			);
			runOnlyForDeploymentPostprocessing = 0;
		};
		92504A171CBDEEBE007218C2 /* Resources */ = {
			isa = PBXResourcesBuildPhase;
			buildActionMask = 2147483647;
			files = (
			);
			runOnlyForDeploymentPostprocessing = 0;
		};
		92504A221CBDEEBE007218C2 /* Resources */ = {
			isa = PBXResourcesBuildPhase;
			buildActionMask = 2147483647;
			files = (
			);
			runOnlyForDeploymentPostprocessing = 0;
		};
/* End PBXResourcesBuildPhase section */

/* Begin PBXSourcesBuildPhase section */
		925049FE1CBDEEBD007218C2 /* Sources */ = {
			isa = PBXSourcesBuildPhase;
			buildActionMask = 2147483647;
			files = (
				A230DD6A1CDC3CEE0041FBDE /* EXBLEPeripheralManager.swift in Sources */,
				A230DD691CDC3CEE0041FBDE /* EXBLECentralManager.swift in Sources */,
				92504A081CBDEEBE007218C2 /* ViewController.swift in Sources */,
				92504A0E1CBDEEBE007218C2 /* ExRemote.xcdatamodeld in Sources */,
				92504A061CBDEEBE007218C2 /* AppDelegate.swift in Sources */,
			);
			runOnlyForDeploymentPostprocessing = 0;
		};
		92504A151CBDEEBE007218C2 /* Sources */ = {
			isa = PBXSourcesBuildPhase;
			buildActionMask = 2147483647;
			files = (
				92504A1E1CBDEEBE007218C2 /* ExRemoteTests.swift in Sources */,
			);
			runOnlyForDeploymentPostprocessing = 0;
		};
		92504A201CBDEEBE007218C2 /* Sources */ = {
			isa = PBXSourcesBuildPhase;
			buildActionMask = 2147483647;
			files = (
				92504A291CBDEEBE007218C2 /* ExRemoteUITests.swift in Sources */,
			);
			runOnlyForDeploymentPostprocessing = 0;
		};
/* End PBXSourcesBuildPhase section */

/* Begin PBXTargetDependency section */
		92504A1B1CBDEEBE007218C2 /* PBXTargetDependency */ = {
			isa = PBXTargetDependency;
			target = 92504A011CBDEEBD007218C2 /* ExRemote */;
			targetProxy = 92504A1A1CBDEEBE007218C2 /* PBXContainerItemProxy */;
		};
		92504A261CBDEEBE007218C2 /* PBXTargetDependency */ = {
			isa = PBXTargetDependency;
			target = 92504A011CBDEEBD007218C2 /* ExRemote */;
			targetProxy = 92504A251CBDEEBE007218C2 /* PBXContainerItemProxy */;
		};
/* End PBXTargetDependency section */

/* Begin PBXVariantGroup section */
		92504A091CBDEEBE007218C2 /* Main.storyboard */ = {
			isa = PBXVariantGroup;
			children = (
				92504A0A1CBDEEBE007218C2 /* Base */,
			);
			name = Main.storyboard;
			sourceTree = "<group>";
		};
		92504A111CBDEEBE007218C2 /* LaunchScreen.storyboard */ = {
			isa = PBXVariantGroup;
			children = (
				92504A121CBDEEBE007218C2 /* Base */,
			);
			name = LaunchScreen.storyboard;
			sourceTree = "<group>";
		};
/* End PBXVariantGroup section */

/* Begin XCBuildConfiguration section */
		92504A2B1CBDEEBE007218C2 /* Debug */ = {
			isa = XCBuildConfiguration;
			buildSettings = {
				ALWAYS_SEARCH_USER_PATHS = NO;
				CLANG_ANALYZER_NONNULL = YES;
				CLANG_CXX_LANGUAGE_STANDARD = "gnu++0x";
				CLANG_CXX_LIBRARY = "libc++";
				CLANG_ENABLE_MODULES = YES;
				CLANG_ENABLE_OBJC_ARC = YES;
				CLANG_WARN_BOOL_CONVERSION = YES;
				CLANG_WARN_CONSTANT_CONVERSION = YES;
				CLANG_WARN_DIRECT_OBJC_ISA_USAGE = YES_ERROR;
				CLANG_WARN_EMPTY_BODY = YES;
				CLANG_WARN_ENUM_CONVERSION = YES;
				CLANG_WARN_INT_CONVERSION = YES;
				CLANG_WARN_OBJC_ROOT_CLASS = YES_ERROR;
				CLANG_WARN_UNREACHABLE_CODE = YES;
				CLANG_WARN__DUPLICATE_METHOD_MATCH = YES;
				"CODE_SIGN_IDENTITY[sdk=iphoneos*]" = "iPhone Developer";
				COPY_PHASE_STRIP = NO;
				DEBUG_INFORMATION_FORMAT = dwarf;
				ENABLE_STRICT_OBJC_MSGSEND = YES;
				ENABLE_TESTABILITY = YES;
				GCC_C_LANGUAGE_STANDARD = gnu99;
				GCC_DYNAMIC_NO_PIC = NO;
				GCC_NO_COMMON_BLOCKS = YES;
				GCC_OPTIMIZATION_LEVEL = 0;
				GCC_PREPROCESSOR_DEFINITIONS = (
					"DEBUG=1",
					"$(inherited)",
				);
				GCC_WARN_64_TO_32_BIT_CONVERSION = YES;
				GCC_WARN_ABOUT_RETURN_TYPE = YES_ERROR;
				GCC_WARN_UNDECLARED_SELECTOR = YES;
				GCC_WARN_UNINITIALIZED_AUTOS = YES_AGGRESSIVE;
				GCC_WARN_UNUSED_FUNCTION = YES;
				GCC_WARN_UNUSED_VARIABLE = YES;
				IPHONEOS_DEPLOYMENT_TARGET = 9.3;
				MTL_ENABLE_DEBUG_INFO = YES;
				ONLY_ACTIVE_ARCH = YES;
				SDKROOT = iphoneos;
				SWIFT_OPTIMIZATION_LEVEL = "-Onone";
				TARGETED_DEVICE_FAMILY = "1,2";
			};
			name = Debug;
		};
		92504A2C1CBDEEBE007218C2 /* Release */ = {
			isa = XCBuildConfiguration;
			buildSettings = {
				ALWAYS_SEARCH_USER_PATHS = NO;
				CLANG_ANALYZER_NONNULL = YES;
				CLANG_CXX_LANGUAGE_STANDARD = "gnu++0x";
				CLANG_CXX_LIBRARY = "libc++";
				CLANG_ENABLE_MODULES = YES;
				CLANG_ENABLE_OBJC_ARC = YES;
				CLANG_WARN_BOOL_CONVERSION = YES;
				CLANG_WARN_CONSTANT_CONVERSION = YES;
				CLANG_WARN_DIRECT_OBJC_ISA_USAGE = YES_ERROR;
				CLANG_WARN_EMPTY_BODY = YES;
				CLANG_WARN_ENUM_CONVERSION = YES;
				CLANG_WARN_INT_CONVERSION = YES;
				CLANG_WARN_OBJC_ROOT_CLASS = YES_ERROR;
				CLANG_WARN_UNREACHABLE_CODE = YES;
				CLANG_WARN__DUPLICATE_METHOD_MATCH = YES;
				"CODE_SIGN_IDENTITY[sdk=iphoneos*]" = "iPhone Developer";
				COPY_PHASE_STRIP = NO;
				DEBUG_INFORMATION_FORMAT = "dwarf-with-dsym";
				ENABLE_NS_ASSERTIONS = NO;
				ENABLE_STRICT_OBJC_MSGSEND = YES;
				GCC_C_LANGUAGE_STANDARD = gnu99;
				GCC_NO_COMMON_BLOCKS = YES;
				GCC_WARN_64_TO_32_BIT_CONVERSION = YES;
				GCC_WARN_ABOUT_RETURN_TYPE = YES_ERROR;
				GCC_WARN_UNDECLARED_SELECTOR = YES;
				GCC_WARN_UNINITIALIZED_AUTOS = YES_AGGRESSIVE;
				GCC_WARN_UNUSED_FUNCTION = YES;
				GCC_WARN_UNUSED_VARIABLE = YES;
				IPHONEOS_DEPLOYMENT_TARGET = 9.3;
				MTL_ENABLE_DEBUG_INFO = NO;
				SDKROOT = iphoneos;
				TARGETED_DEVICE_FAMILY = "1,2";
				VALIDATE_PRODUCT = YES;
			};
			name = Release;
		};
		92504A2E1CBDEEBE007218C2 /* Debug */ = {
			isa = XCBuildConfiguration;
			buildSettings = {
				ASSETCATALOG_COMPILER_APPICON_NAME = AppIcon;
				INFOPLIST_FILE = ExRemote/Info.plist;
				LD_RUNPATH_SEARCH_PATHS = "$(inherited) @executable_path/Frameworks";
				PRODUCT_BUNDLE_IDENTIFIER = com.appstudio.ExRemote;
				PRODUCT_NAME = "$(TARGET_NAME)";
			};
			name = Debug;
		};
		92504A2F1CBDEEBE007218C2 /* Release */ = {
			isa = XCBuildConfiguration;
			buildSettings = {
				ASSETCATALOG_COMPILER_APPICON_NAME = AppIcon;
				INFOPLIST_FILE = ExRemote/Info.plist;
				LD_RUNPATH_SEARCH_PATHS = "$(inherited) @executable_path/Frameworks";
				PRODUCT_BUNDLE_IDENTIFIER = com.appstudio.ExRemote;
				PRODUCT_NAME = "$(TARGET_NAME)";
			};
			name = Release;
		};
		92504A311CBDEEBE007218C2 /* Debug */ = {
			isa = XCBuildConfiguration;
			buildSettings = {
				BUNDLE_LOADER = "$(TEST_HOST)";
				INFOPLIST_FILE = ExRemoteTests/Info.plist;
				LD_RUNPATH_SEARCH_PATHS = "$(inherited) @executable_path/Frameworks @loader_path/Frameworks";
				PRODUCT_BUNDLE_IDENTIFIER = com.appstudio.ExRemoteTests;
				PRODUCT_NAME = "$(TARGET_NAME)";
				TEST_HOST = "$(BUILT_PRODUCTS_DIR)/ExRemote.app/ExRemote";
			};
			name = Debug;
		};
		92504A321CBDEEBE007218C2 /* Release */ = {
			isa = XCBuildConfiguration;
			buildSettings = {
				BUNDLE_LOADER = "$(TEST_HOST)";
				INFOPLIST_FILE = ExRemoteTests/Info.plist;
				LD_RUNPATH_SEARCH_PATHS = "$(inherited) @executable_path/Frameworks @loader_path/Frameworks";
				PRODUCT_BUNDLE_IDENTIFIER = com.appstudio.ExRemoteTests;
				PRODUCT_NAME = "$(TARGET_NAME)";
				TEST_HOST = "$(BUILT_PRODUCTS_DIR)/ExRemote.app/ExRemote";
			};
			name = Release;
		};
		92504A341CBDEEBE007218C2 /* Debug */ = {
			isa = XCBuildConfiguration;
			buildSettings = {
				INFOPLIST_FILE = ExRemoteUITests/Info.plist;
				LD_RUNPATH_SEARCH_PATHS = "$(inherited) @executable_path/Frameworks @loader_path/Frameworks";
				PRODUCT_BUNDLE_IDENTIFIER = com.appstudio.ExRemoteUITests;
				PRODUCT_NAME = "$(TARGET_NAME)";
				TEST_TARGET_NAME = ExRemote;
			};
			name = Debug;
		};
		92504A351CBDEEBE007218C2 /* Release */ = {
			isa = XCBuildConfiguration;
			buildSettings = {
				INFOPLIST_FILE = ExRemoteUITests/Info.plist;
				LD_RUNPATH_SEARCH_PATHS = "$(inherited) @executable_path/Frameworks @loader_path/Frameworks";
				PRODUCT_BUNDLE_IDENTIFIER = com.appstudio.ExRemoteUITests;
				PRODUCT_NAME = "$(TARGET_NAME)";
				TEST_TARGET_NAME = ExRemote;
			};
			name = Release;
		};
/* End XCBuildConfiguration section */

/* Begin XCConfigurationList section */
		925049FD1CBDEEBD007218C2 /* Build configuration list for PBXProject "ExRemote" */ = {
			isa = XCConfigurationList;
			buildConfigurations = (
				92504A2B1CBDEEBE007218C2 /* Debug */,
				92504A2C1CBDEEBE007218C2 /* Release */,
			);
			defaultConfigurationIsVisible = 0;
			defaultConfigurationName = Release;
		};
		92504A2D1CBDEEBE007218C2 /* Build configuration list for PBXNativeTarget "ExRemote" */ = {
			isa = XCConfigurationList;
			buildConfigurations = (
				92504A2E1CBDEEBE007218C2 /* Debug */,
				92504A2F1CBDEEBE007218C2 /* Release */,
			);
			defaultConfigurationIsVisible = 0;
			defaultConfigurationName = Release;
		};
		92504A301CBDEEBE007218C2 /* Build configuration list for PBXNativeTarget "ExRemoteTests" */ = {
			isa = XCConfigurationList;
			buildConfigurations = (
				92504A311CBDEEBE007218C2 /* Debug */,
				92504A321CBDEEBE007218C2 /* Release */,
			);
			defaultConfigurationIsVisible = 0;
			defaultConfigurationName = Release;
		};
		92504A331CBDEEBE007218C2 /* Build configuration list for PBXNativeTarget "ExRemoteUITests" */ = {
			isa = XCConfigurationList;
			buildConfigurations = (
				92504A341CBDEEBE007218C2 /* Debug */,
				92504A351CBDEEBE007218C2 /* Release */,
			);
			defaultConfigurationIsVisible = 0;
			defaultConfigurationName = Release;
		};
/* End XCConfigurationList section */

/* Begin XCVersionGroup section */
		92504A0C1CBDEEBE007218C2 /* ExRemote.xcdatamodeld */ = {
			isa = XCVersionGroup;
			children = (
				92504A0D1CBDEEBE007218C2 /* ExRemote.xcdatamodel */,
			);
			currentVersion = 92504A0D1CBDEEBE007218C2 /* ExRemote.xcdatamodel */;
			path = ExRemote.xcdatamodeld;
			sourceTree = "<group>";
			versionGroupType = wrapper.xcdatamodel;
		};
/* End XCVersionGroup section */
	};
	rootObject = 925049FA1CBDEEBD007218C2 /* Project object */;
}
